
Microsoft Visual Studio Solution File, Format Version 12.00
# Visual Studio Version 17
VisualStudioVersion = 17.5.33414.496
MinimumVisualStudioVersion = 10.0.40219.1
Project("{FAE04EC0-301F-11D3-BF4B-00C04F79EFBC}") = "PawContabilitate", "PawContabilitate.csproj", "{DEFCFA37-6A03-4417-956C-0E052AD6169E}"
EndProject
Global
	GlobalSection(SolutionConfigurationPlatforms) = preSolution
		Debug|Any CPU = Debug|Any CPU
		Release|Any CPU = Release|Any CPU
	EndGlobalSection
	GlobalSection(ProjectConfigurationPlatforms) = postSolution
		{DEFCFA37-6A03-4417-956C-0E052AD6169E}.Debug|Any CPU.ActiveCfg = Debug|Any CPU
		{DEFCFA37-6A03-4417-956C-0E052AD6169E}.Debug|Any CPU.Build.0 = Debug|Any CPU
		{DEFCFA37-6A03-4417-956C-0E052AD6169E}.Release|Any CPU.ActiveCfg = Release|Any CPU
		{DEFCFA37-6A03-4417-956C-0E052AD6169E}.Release|Any CPU.Build.0 = Release|Any CPU
	EndGlobalSection
	GlobalSection(SolutionProperties) = preSolution
		HideSolutionNode = FALSE
	EndGlobalSection
	GlobalSection(ExtensibilityGlobals) = postSolution
		SolutionGuid = {B3D4412E-F476-4F35-BF04-AB749E5FA93C}
	EndGlobalSection
EndGlobal
